<Solution>
  <Folder Name="/src/">
    <Project Path="src/DurableGraph.Build/DurableGraph.Build.csproj" />
    <Project Path="src/DurableGraph.Cli/DurableGraph.Cli.csproj" />
    <Project Path="src/DurableGraph.Generator/DurableGraph.Generator.csproj" />
    <Project Path="src/DurableGraph.Serialization/DurableGraph.Serialization.csproj" />
    <Project Path="src/DurableGraph.Storage/DurableGraph.Storage.csproj" />
    <Project Path="src/DurableGraph.Persistence/DurableGraph.Persistence.csproj" />
    <Project Path="src/DurableGraph/DurableGraph.csproj" />
  </Folder>
  <Folder Name="/tests/">
    <Project Path="tests/DurableGraph.Serialization.Tests/DurableGraph.Serialization.Tests.csproj" />
    <Project Path="tests/DurableGraph.Storage.Tests/DurableGraph.Storage.Tests.csproj" />
    <Project Path="tests/DurableGraph.Persistence.Tests/DurableGraph.Persistence.Tests.csproj" />
    <Project Path="tests/DurableGraph.Tests/DurableGraph.Tests.csproj" />
  </Folder>
</Solution>
